// !$*UTF8*$!
{
	archiveVersion = 1;
	classes = {
	};
	objectVersion = 46;
	objects = {

/* Begin PBXBuildFile section */
		CF2F17711A3A71E000401263 /* BigInteger.cc in Sources */ = {isa = PBXBuildFile; fileRef = CF2F176C1A3A71E000401263 /* BigInteger.cc */; };
		CF2F17721A3A71E000401263 /* BigIntegerAlgorithms.cc in Sources */ = {isa = PBXBuildFile; fileRef = CF2F176D1A3A71E000401263 /* BigIntegerAlgorithms.cc */; };
		CF2F17731A3A71E000401263 /* BigIntegerUtils.cc in Sources */ = {isa = PBXBuildFile; fileRef = CF2F176E1A3A71E000401263 /* BigIntegerUtils.cc */; };
		CF2F17741A3A71E000401263 /* BigUnsigned.cc in Sources */ = {isa = PBXBuildFile; fileRef = CF2F176F1A3A71E000401263 /* BigUnsigned.cc */; };
		CF2F17751A3A71E000401263 /* BigUnsignedInABase.cc in Sources */ = {isa = PBXBuildFile; fileRef = CF2F17701A3A71E000401263 /* BigUnsignedInABase.cc */; };
		CFBA56B21A38ACC3009F012F /* functions.cpp in Sources */ = {isa = PBXBuildFile; fileRef = CFBA56B11A38ACC3009F012F /* functions.cpp */; };
		CFF6E1771A2E91FB00B6CDBE /* main.cpp in Sources */ = {isa = PBXBuildFile; fileRef = CFF6E1761A2E91FB00B6CDBE /* main.cpp */; };
/* End PBXBuildFile section */

/* Begin PBXCopyFilesBuildPhase section */
		CFF6E1711A2E91FB00B6CDBE /* CopyFiles */ = {
			isa = PBXCopyFilesBuildPhase;
			buildActionMask = 2147483647;
			dstPath = /usr/share/man/man1/;
			dstSubfolderSpec = 0;
			files = (
			);
			runOnlyForDeploymentPostprocessing = 1;
		};
/* End PBXCopyFilesBuildPhase section */

/* Begin PBXFileReference section */
		CF2F17681A3A71E000401263 /* BigIntegerUtils.hh */ = {isa = PBXFileReference; fileEncoding = 4; lastKnownFileType = sourcecode.cpp.h; path = BigIntegerUtils.hh; sourceTree = "<group>"; };
		CF2F17691A3A71E000401263 /* BigUnsigned.hh */ = {isa = PBXFileReference; fileEncoding = 4; lastKnownFileType = sourcecode.cpp.h; path = BigUnsigned.hh; sourceTree = "<group>"; };
		CF2F176A1A3A71E000401263 /* BigUnsignedInABase.hh */ = {isa = PBXFileReference; fileEncoding = 4; lastKnownFileType = sourcecode.cpp.h; path = BigUnsignedInABase.hh; sourceTree = "<group>"; };
		CF2F176B1A3A71E000401263 /* NumberlikeArray.hh */ = {isa = PBXFileReference; fileEncoding = 4; lastKnownFileType = sourcecode.cpp.h; path = NumberlikeArray.hh; sourceTree = "<group>"; };
		CF2F176C1A3A71E000401263 /* BigInteger.cc */ = {isa = PBXFileReference; fileEncoding = 4; lastKnownFileType = sourcecode.cpp.cpp; path = BigInteger.cc; sourceTree = "<group>"; };
		CF2F176D1A3A71E000401263 /* BigIntegerAlgorithms.cc */ = {isa = PBXFileReference; fileEncoding = 4; lastKnownFileType = sourcecode.cpp.cpp; path = BigIntegerAlgorithms.cc; sourceTree = "<group>"; };
		CF2F176E1A3A71E000401263 /* BigIntegerUtils.cc */ = {isa = PBXFileReference; fileEncoding = 4; lastKnownFileType = sourcecode.cpp.cpp; path = BigIntegerUtils.cc; sourceTree = "<group>"; };
		CF2F176F1A3A71E000401263 /* BigUnsigned.cc */ = {isa = PBXFileReference; fileEncoding = 4; lastKnownFileType = sourcecode.cpp.cpp; path = BigUnsigned.cc; sourceTree = "<group>"; };
		CF2F17701A3A71E000401263 /* BigUnsignedInABase.cc */ = {isa = PBXFileReference; fileEncoding = 4; lastKnownFileType = sourcecode.cpp.cpp; path = BigUnsignedInABase.cc; sourceTree = "<group>"; };
		CF2F17761A3A721500401263 /* BigInteger.hh */ = {isa = PBXFileReference; fileEncoding = 4; lastKnownFileType = sourcecode.cpp.h; path = BigInteger.hh; sourceTree = "<group>"; };
		CF2F17771A3A721600401263 /* BigIntegerAlgorithms.hh */ = {isa = PBXFileReference; fileEncoding = 4; lastKnownFileType = sourcecode.cpp.h; path = BigIntegerAlgorithms.hh; sourceTree = "<group>"; };
		CF2F17781A3A721600401263 /* BigIntegerLibrary.hh */ = {isa = PBXFileReference; fileEncoding = 4; lastKnownFileType = sourcecode.cpp.h; path = BigIntegerLibrary.hh; sourceTree = "<group>"; };
		CF39015E1A33A48A00292E17 /* primes.txt */ = {isa = PBXFileReference; lastKnownFileType = text; path = primes.txt; sourceTree = "<group>"; };
		CFBA56AC1A37CED3009F012F /* snippets */ = {isa = PBXFileReference; fileEncoding = 4; lastKnownFileType = text; path = snippets; sourceTree = "<group>"; };
		CFBA56B01A38AC34009F012F /* functions.h */ = {isa = PBXFileReference; lastKnownFileType = sourcecode.c.h; path = functions.h; sourceTree = "<group>"; };
		CFBA56B11A38ACC3009F012F /* functions.cpp */ = {isa = PBXFileReference; fileEncoding = 4; lastKnownFileType = sourcecode.cpp.cpp; path = functions.cpp; sourceTree = "<group>"; };
		CFF6E1731A2E91FB00B6CDBE /* QuadSieve */ = {isa = PBXFileReference; explicitFileType = "compiled.mach-o.executable"; includeInIndex = 0; path = QuadSieve; sourceTree = BUILT_PRODUCTS_DIR; };
		CFF6E1761A2E91FB00B6CDBE /* main.cpp */ = {isa = PBXFileReference; lastKnownFileType = sourcecode.cpp.cpp; lineEnding = 0; path = main.cpp; sourceTree = "<group>"; xcLanguageSpecificationIdentifier = xcode.lang.cpp; };
/* End PBXFileReference section */

/* Begin PBXFrameworksBuildPhase section */
		CFF6E1701A2E91FB00B6CDBE /* Frameworks */ = {
			isa = PBXFrameworksBuildPhase;
			buildActionMask = 2147483647;
			files = (
			);
			runOnlyForDeploymentPostprocessing = 0;
		};
/* End PBXFrameworksBuildPhase section */

/* Begin PBXGroup section */
		CFF6E16A1A2E91FB00B6CDBE = {
			isa = PBXGroup;
			children = (
				CFF6E1751A2E91FB00B6CDBE /* QuadSieve */,
				CFF6E1741A2E91FB00B6CDBE /* Products */,
			);
			sourceTree = "<group>";
		};
		CFF6E1741A2E91FB00B6CDBE /* Products */ = {
			isa = PBXGroup;
			children = (
				CFF6E1731A2E91FB00B6CDBE /* QuadSieve */,
			);
			name = Products;
			sourceTree = "<group>";
		};
		CFF6E1751A2E91FB00B6CDBE /* QuadSieve */ = {
			isa = PBXGroup;
			children = (
				CF2F17761A3A721500401263 /* BigInteger.hh */,
				CF2F17771A3A721600401263 /* BigIntegerAlgorithms.hh */,
				CF2F17781A3A721600401263 /* BigIntegerLibrary.hh */,
				CF2F17681A3A71E000401263 /* BigIntegerUtils.hh */,
				CF2F17691A3A71E000401263 /* BigUnsigned.hh */,
				CF2F176A1A3A71E000401263 /* BigUnsignedInABase.hh */,
				CF2F176B1A3A71E000401263 /* NumberlikeArray.hh */,
				CF2F176C1A3A71E000401263 /* BigInteger.cc */,
				CF2F176D1A3A71E000401263 /* BigIntegerAlgorithms.cc */,
				CF2F176E1A3A71E000401263 /* BigIntegerUtils.cc */,
				CF2F176F1A3A71E000401263 /* BigUnsigned.cc */,
				CF2F17701A3A71E000401263 /* BigUnsignedInABase.cc */,
				CF39015E1A33A48A00292E17 /* primes.txt */,
				CFF6E1761A2E91FB00B6CDBE /* main.cpp */,
				CFBA56AC1A37CED3009F012F /* snippets */,
				CFBA56B01A38AC34009F012F /* functions.h */,
				CFBA56B11A38ACC3009F012F /* functions.cpp */,
			);
			path = QuadSieve;
			sourceTree = "<group>";
		};
/* End PBXGroup section */

/* Begin PBXNativeTarget section */
		CFF6E1721A2E91FB00B6CDBE /* QuadSieve */ = {
			isa = PBXNativeTarget;
			buildConfigurationList = CFF6E17A1A2E91FB00B6CDBE /* Build configuration list for PBXNativeTarget "QuadSieve" */;
			buildPhases = (
				CFF6E16F1A2E91FB00B6CDBE /* Sources */,
				CFF6E1701A2E91FB00B6CDBE /* Frameworks */,
				CFF6E1711A2E91FB00B6CDBE /* CopyFiles */,
			);
			buildRules = (
			);
			dependencies = (
			);
			name = QuadSieve;
			productName = QuadSieve;
			productReference = CFF6E1731A2E91FB00B6CDBE /* QuadSieve */;
			productType = "com.apple.product-type.tool";
		};
/* End PBXNativeTarget section */

/* Begin PBXProject section */
		CFF6E16B1A2E91FB00B6CDBE /* Project object */ = {
			isa = PBXProject;
			attributes = {
				LastUpgradeCheck = 0610;
				ORGANIZATIONNAME = "Christina Black";
				TargetAttributes = {
					CFF6E1721A2E91FB00B6CDBE = {
						CreatedOnToolsVersion = 6.1;
					};
				};
			};
			buildConfigurationList = CFF6E16E1A2E91FB00B6CDBE /* Build configuration list for PBXProject "QuadSieve" */;
			compatibilityVersion = "Xcode 3.2";
			developmentRegion = English;
			hasScannedForEncodings = 0;
			knownRegions = (
				en,
			);
			mainGroup = CFF6E16A1A2E91FB00B6CDBE;
			productRefGroup = CFF6E1741A2E91FB00B6CDBE /* Products */;
			projectDirPath = "";
			projectRoot = "";
			targets = (
				CFF6E1721A2E91FB00B6CDBE /* QuadSieve */,
			);
		};
/* End PBXProject section */

/* Begin PBXSourcesBuildPhase section */
		CFF6E16F1A2E91FB00B6CDBE /* Sources */ = {
			isa = PBXSourcesBuildPhase;
			buildActionMask = 2147483647;
			files = (
				CFF6E1771A2E91FB00B6CDBE /* main.cpp in Sources */,
				CF2F17721A3A71E000401263 /* BigIntegerAlgorithms.cc in Sources */,
				CF2F17751A3A71E000401263 /* BigUnsignedInABase.cc in Sources */,
				CF2F17731A3A71E000401263 /* BigIntegerUtils.cc in Sources */,
				CF2F17711A3A71E000401263 /* BigInteger.cc in Sources */,
				CFBA56B21A38ACC3009F012F /* functions.cpp in Sources */,
				CF2F17741A3A71E000401263 /* BigUnsigned.cc in Sources */,
			);
			runOnlyForDeploymentPostprocessing = 0;
		};
/* End PBXSourcesBuildPhase section */

/* Begin XCBuildConfiguration section */
		CFF6E1781A2E91FB00B6CDBE /* Debug */ = {
			isa = XCBuildConfiguration;
			buildSettings = {
				ALWAYS_SEARCH_USER_PATHS = NO;
				CLANG_CXX_LANGUAGE_STANDARD = "gnu++0x";
				CLANG_CXX_LIBRARY = "libc++";
				CLANG_ENABLE_MODULES = YES;
				CLANG_ENABLE_OBJC_ARC = YES;
				CLANG_WARN_BOOL_CONVERSION = YES;
				CLANG_WARN_CONSTANT_CONVERSION = YES;
				CLANG_WARN_DIRECT_OBJC_ISA_USAGE = YES_ERROR;
				CLANG_WARN_EMPTY_BODY = YES;
				CLANG_WARN_ENUM_CONVERSION = YES;
				CLANG_WARN_INT_CONVERSION = YES;
				CLANG_WARN_OBJC_ROOT_CLASS = YES_ERROR;
				CLANG_WARN_UNREACHABLE_CODE = YES;
				CLANG_WARN__DUPLICATE_METHOD_MATCH = YES;
				COPY_PHASE_STRIP = NO;
				ENABLE_STRICT_OBJC_MSGSEND = YES;
				GCC_C_LANGUAGE_STANDARD = gnu99;
				GCC_DYNAMIC_NO_PIC = NO;
				GCC_OPTIMIZATION_LEVEL = 0;
				GCC_PREPROCESSOR_DEFINITIONS = (
					"DEBUG=1",
					"$(inherited)",
				);
				GCC_SYMBOLS_PRIVATE_EXTERN = NO;
				GCC_WARN_64_TO_32_BIT_CONVERSION = YES;
				GCC_WARN_ABOUT_RETURN_TYPE = YES_ERROR;
				GCC_WARN_UNDECLARED_SELECTOR = YES;
				GCC_WARN_UNINITIALIZED_AUTOS = YES_AGGRESSIVE;
				GCC_WARN_UNUSED_FUNCTION = YES;
				GCC_WARN_UNUSED_VARIABLE = YES;
				MACOSX_DEPLOYMENT_TARGET = 10.10;
				MTL_ENABLE_DEBUG_INFO = YES;
				ONLY_ACTIVE_ARCH = YES;
				SDKROOT = macosx;
			};
			name = Debug;
		};
		CFF6E1791A2E91FB00B6CDBE /* Release */ = {
			isa = XCBuildConfiguration;
			buildSettings = {
				ALWAYS_SEARCH_USER_PATHS = NO;
				CLANG_CXX_LANGUAGE_STANDARD = "gnu++0x";
				CLANG_CXX_LIBRARY = "libc++";
				CLANG_ENABLE_MODULES = YES;
				CLANG_ENABLE_OBJC_ARC = YES;
				CLANG_WARN_BOOL_CONVERSION = YES;
				CLANG_WARN_CONSTANT_CONVERSION = YES;
				CLANG_WARN_DIRECT_OBJC_ISA_USAGE = YES_ERROR;
				CLANG_WARN_EMPTY_BODY = YES;
				CLANG_WARN_ENUM_CONVERSION = YES;
				CLANG_WARN_INT_CONVERSION = YES;
				CLANG_WARN_OBJC_ROOT_CLASS = YES_ERROR;
				CLANG_WARN_UNREACHABLE_CODE = YES;
				CLANG_WARN__DUPLICATE_METHOD_MATCH = YES;
				COPY_PHASE_STRIP = YES;
				DEBUG_INFORMATION_FORMAT = "dwarf-with-dsym";
				ENABLE_NS_ASSERTIONS = NO;
				ENABLE_STRICT_OBJC_MSGSEND = YES;
				GCC_C_LANGUAGE_STANDARD = gnu99;
				GCC_WARN_64_TO_32_BIT_CONVERSION = YES;
				GCC_WARN_ABOUT_RETURN_TYPE = YES_ERROR;
				GCC_WARN_UNDECLARED_SELECTOR = YES;
				GCC_WARN_UNINITIALIZED_AUTOS = YES_AGGRESSIVE;
				GCC_WARN_UNUSED_FUNCTION = YES;
				GCC_WARN_UNUSED_VARIABLE = YES;
				MACOSX_DEPLOYMENT_TARGET = 10.10;
				MTL_ENABLE_DEBUG_INFO = NO;
				SDKROOT = macosx;
			};
			name = Release;
		};
		CFF6E17B1A2E91FB00B6CDBE /* Debug */ = {
			isa = XCBuildConfiguration;
			buildSettings = {
				FRAMEWORK_SEARCH_PATHS = "./**";
				PRODUCT_NAME = "$(TARGET_NAME)";
			};
			name = Debug;
		};
		CFF6E17C1A2E91FB00B6CDBE /* Release */ = {
			isa = XCBuildConfiguration;
			buildSettings = {
				FRAMEWORK_SEARCH_PATHS = "./**";
				PRODUCT_NAME = "$(TARGET_NAME)";
			};
			name = Release;
		};
/* End XCBuildConfiguration section */

/* Begin XCConfigurationList section */
		CFF6E16E1A2E91FB00B6CDBE /* Build configuration list for PBXProject "QuadSieve" */ = {
			isa = XCConfigurationList;
			buildConfigurations = (
				CFF6E1781A2E91FB00B6CDBE /* Debug */,
				CFF6E1791A2E91FB00B6CDBE /* Release */,
			);
			defaultConfigurationIsVisible = 0;
			defaultConfigurationName = Release;
		};
		CFF6E17A1A2E91FB00B6CDBE /* Build configuration list for PBXNativeTarget "QuadSieve" */ = {
			isa = XCConfigurationList;
			buildConfigurations = (
				CFF6E17B1A2E91FB00B6CDBE /* Debug */,
				CFF6E17C1A2E91FB00B6CDBE /* Release */,
			);
			defaultConfigurationIsVisible = 0;
			defaultConfigurationName = Release;
		};
/* End XCConfigurationList section */
	};
	rootObject = CFF6E16B1A2E91FB00B6CDBE /* Project object */;
}
